# This file was autogenerated by Stack.
# You should not edit this file by hand.
# For more information, please see the documentation at:
#   https://docs.haskellstack.org/en/stable/lock_files

packages:
- completed:
    hackage: store-streaming-0.2.0.0@sha256:f1194a9276362691f2ccc92473f4ebc9e7f7e57131e8f7c20c7c2e4eb264eb70,2006
    pantry-tree:
      size: 479
      sha256: 1a9236fe7b9d3172197c57d5b879dd15c51b4f825fd788688eafda75074c7ecc
  original:
    hackage: store-streaming-0.2.0.0@sha256:f1194a9276362691f2ccc92473f4ebc9e7f7e57131e8f7c20c7c2e4eb264eb70,2006
snapshots:
- completed:
    size: 524155
    url: https://raw.githubusercontent.com/commercialhaskell/stackage-snapshots/master/lts/14/19.yaml
    sha256: 9f79f6494473c9b46911364b94c4b5ef19ca8d35ebf62e46697cf651f198ee19
  original: lts-14.19
